// !$*UTF8*$!
{
	archiveVersion = 1;
	classes = {
	};
	objectVersion = 46;
	objects = {

/* Begin PBXBuildFile section */
		ED624CAE1F28CC2C00444FD9 /* AppDelegate.swift in Sources */ = {isa = PBXBuildFile; fileRef = ED624CAD1F28CC2C00444FD9 /* AppDelegate.swift */; };
		ED624CB01F28CC2C00444FD9 /* ViewController.swift in Sources */ = {isa = PBXBuildFile; fileRef = ED624CAF1F28CC2C00444FD9 /* ViewController.swift */; };
		ED624CB31F28CC2C00444FD9 /* Main.storyboard in Resources */ = {isa = PBXBuildFile; fileRef = ED624CB11F28CC2C00444FD9 /* Main.storyboard */; };
		ED624CB51F28CC2C00444FD9 /* Assets.xcassets in Resources */ = {isa = PBXBuildFile; fileRef = ED624CB41F28CC2C00444FD9 /* Assets.xcassets */; };
		ED624CB81F28CC2C00444FD9 /* LaunchScreen.storyboard in Resources */ = {isa = PBXBuildFile; fileRef = ED624CB61F28CC2C00444FD9 /* LaunchScreen.storyboard */; };
		ED624CC11F29E8AA00444FD9 /* CalculatorBrain.swift in Sources */ = {isa = PBXBuildFile; fileRef = ED624CC01F29E8AA00444FD9 /* CalculatorBrain.swift */; };
/* End PBXBuildFile section */

/* Begin PBXFileReference section */
		ED624CAA1F28CC2C00444FD9 /* Calculator.app */ = {isa = PBXFileReference; explicitFileType = wrapper.application; includeInIndex = 0; path = Calculator.app; sourceTree = BUILT_PRODUCTS_DIR; };
		ED624CAD1F28CC2C00444FD9 /* AppDelegate.swift */ = {isa = PBXFileReference; lastKnownFileType = sourcecode.swift; path = AppDelegate.swift; sourceTree = "<group>"; };
		ED624CAF1F28CC2C00444FD9 /* ViewController.swift */ = {isa = PBXFileReference; lastKnownFileType = sourcecode.swift; path = ViewController.swift; sourceTree = "<group>"; };
		ED624CB21F28CC2C00444FD9 /* Base */ = {isa = PBXFileReference; lastKnownFileType = file.storyboard; name = Base; path = Base.lproj/Main.storyboard; sourceTree = "<group>"; };
		ED624CB41F28CC2C00444FD9 /* Assets.xcassets */ = {isa = PBXFileReference; lastKnownFileType = folder.assetcatalog; path = Assets.xcassets; sourceTree = "<group>"; };
		ED624CB71F28CC2C00444FD9 /* Base */ = {isa = PBXFileReference; lastKnownFileType = file.storyboard; name = Base; path = Base.lproj/LaunchScreen.storyboard; sourceTree = "<group>"; };
		ED624CB91F28CC2C00444FD9 /* Info.plist */ = {isa = PBXFileReference; lastKnownFileType = text.plist.xml; path = Info.plist; sourceTree = "<group>"; };
		ED624CC01F29E8AA00444FD9 /* CalculatorBrain.swift */ = {isa = PBXFileReference; fileEncoding = 4; lastKnownFileType = sourcecode.swift; path = CalculatorBrain.swift; sourceTree = "<group>"; };
/* End PBXFileReference section */

/* Begin PBXFrameworksBuildPhase section */
		ED624CA71F28CC2C00444FD9 /* Frameworks */ = {
			isa = PBXFrameworksBuildPhase;
			buildActionMask = 2147483647;
			files = (
			);
			runOnlyForDeploymentPostprocessing = 0;
		};
/* End PBXFrameworksBuildPhase section */

/* Begin PBXGroup section */
		ED624CA11F28CC2C00444FD9 = {
			isa = PBXGroup;
			children = (
				ED624CAC1F28CC2C00444FD9 /* Calculator */,
				ED624CAB1F28CC2C00444FD9 /* Products */,
			);
			sourceTree = "<group>";
		};
		ED624CAB1F28CC2C00444FD9 /* Products */ = {
			isa = PBXGroup;
			children = (
				ED624CAA1F28CC2C00444FD9 /* Calculator.app */,
			);
			name = Products;
			sourceTree = "<group>";
		};
		ED624CAC1F28CC2C00444FD9 /* Calculator */ = {
			isa = PBXGroup;
			children = (
				ED624CAF1F28CC2C00444FD9 /* ViewController.swift */,
				ED624CB11F28CC2C00444FD9 /* Main.storyboard */,
				ED624CC01F29E8AA00444FD9 /* CalculatorBrain.swift */,
				ED624CBF1F28CCE100444FD9 /* Supporting Files */,
			);
			path = Calculator;
			sourceTree = "<group>";
		};
		ED624CBF1F28CCE100444FD9 /* Supporting Files */ = {
			isa = PBXGroup;
			children = (
				ED624CAD1F28CC2C00444FD9 /* AppDelegate.swift */,
				ED624CB41F28CC2C00444FD9 /* Assets.xcassets */,
				ED624CB61F28CC2C00444FD9 /* LaunchScreen.storyboard */,
				ED624CB91F28CC2C00444FD9 /* Info.plist */,
			);
			name = "Supporting Files";
			sourceTree = "<group>";
		};
/* End PBXGroup section */

/* Begin PBXNativeTarget section */
		ED624CA91F28CC2C00444FD9 /* Calculator */ = {
			isa = PBXNativeTarget;
			buildConfigurationList = ED624CBC1F28CC2C00444FD9 /* Build configuration list for PBXNativeTarget "Calculator" */;
			buildPhases = (
				ED624CA61F28CC2C00444FD9 /* Sources */,
				ED624CA71F28CC2C00444FD9 /* Frameworks */,
				ED624CA81F28CC2C00444FD9 /* Resources */,
			);
			buildRules = (
			);
			dependencies = (
			);
			name = Calculator;
			productName = Calculator;
			productReference = ED624CAA1F28CC2C00444FD9 /* Calculator.app */;
			productType = "com.apple.product-type.application";
		};
/* End PBXNativeTarget section */

/* Begin PBXProject section */
		ED624CA21F28CC2C00444FD9 /* Project object */ = {
			isa = PBXProject;
			attributes = {
				LastSwiftUpdateCheck = 0830;
				LastUpgradeCheck = 0830;
				ORGANIZATIONNAME = "Németh Bendegúz";
				TargetAttributes = {
					ED624CA91F28CC2C00444FD9 = {
						CreatedOnToolsVersion = 8.3.3;
						DevelopmentTeam = QBVG4UVN9M;
						ProvisioningStyle = Automatic;
					};
				};
			};
			buildConfigurationList = ED624CA51F28CC2C00444FD9 /* Build configuration list for PBXProject "Calculator" */;
			compatibilityVersion = "Xcode 3.2";
			developmentRegion = English;
			hasScannedForEncodings = 0;
			knownRegions = (
				en,
				Base,
			);
			mainGroup = ED624CA11F28CC2C00444FD9;
			productRefGroup = ED624CAB1F28CC2C00444FD9 /* Products */;
			projectDirPath = "";
			projectRoot = "";
			targets = (
				ED624CA91F28CC2C00444FD9 /* Calculator */,
			);
		};
/* End PBXProject section */

/* Begin PBXResourcesBuildPhase section */
		ED624CA81F28CC2C00444FD9 /* Resources */ = {
			isa = PBXResourcesBuildPhase;
			buildActionMask = 2147483647;
			files = (
				ED624CB81F28CC2C00444FD9 /* LaunchScreen.storyboard in Resources */,
				ED624CB51F28CC2C00444FD9 /* Assets.xcassets in Resources */,
				ED624CB31F28CC2C00444FD9 /* Main.storyboard in Resources */,
			);
			runOnlyForDeploymentPostprocessing = 0;
		};
/* End PBXResourcesBuildPhase section */

/* Begin PBXSourcesBuildPhase section */
		ED624CA61F28CC2C00444FD9 /* Sources */ = {
			isa = PBXSourcesBuildPhase;
			buildActionMask = 2147483647;
			files = (
				ED624CC11F29E8AA00444FD9 /* CalculatorBrain.swift in Sources */,
				ED624CB01F28CC2C00444FD9 /* ViewController.swift in Sources */,
				ED624CAE1F28CC2C00444FD9 /* AppDelegate.swift in Sources */,
			);
			runOnlyForDeploymentPostprocessing = 0;
		};
/* End PBXSourcesBuildPhase section */

/* Begin PBXVariantGroup section */
		ED624CB11F28CC2C00444FD9 /* Main.storyboard */ = {
			isa = PBXVariantGroup;
			children = (
				ED624CB21F28CC2C00444FD9 /* Base */,
			);
			name = Main.storyboard;
			sourceTree = "<group>";
		};
		ED624CB61F28CC2C00444FD9 /* LaunchScreen.storyboard */ = {
			isa = PBXVariantGroup;
			children = (
				ED624CB71F28CC2C00444FD9 /* Base */,
			);
			name = LaunchScreen.storyboard;
			sourceTree = "<group>";
		};
/* End PBXVariantGroup section */

/* Begin XCBuildConfiguration section */
		ED624CBA1F28CC2C00444FD9 /* Debug */ = {
			isa = XCBuildConfiguration;
			buildSettings = {
				ALWAYS_SEARCH_USER_PATHS = NO;
				CLANG_ANALYZER_NONNULL = YES;
				CLANG_ANALYZER_NUMBER_OBJECT_CONVERSION = YES_AGGRESSIVE;
				CLANG_CXX_LANGUAGE_STANDARD = "gnu++0x";
				CLANG_CXX_LIBRARY = "libc++";
				CLANG_ENABLE_MODULES = YES;
				CLANG_ENABLE_OBJC_ARC = YES;
				CLANG_WARN_BOOL_CONVERSION = YES;
				CLANG_WARN_CONSTANT_CONVERSION = YES;
				CLANG_WARN_DIRECT_OBJC_ISA_USAGE = YES_ERROR;
				CLANG_WARN_DOCUMENTATION_COMMENTS = YES;
				CLANG_WARN_EMPTY_BODY = YES;
				CLANG_WARN_ENUM_CONVERSION = YES;
				CLANG_WARN_INFINITE_RECURSION = YES;
				CLANG_WARN_INT_CONVERSION = YES;
				CLANG_WARN_OBJC_ROOT_CLASS = YES_ERROR;
				CLANG_WARN_SUSPICIOUS_MOVE = YES;
				CLANG_WARN_UNREACHABLE_CODE = YES;
				CLANG_WARN__DUPLICATE_METHOD_MATCH = YES;
				"CODE_SIGN_IDENTITY[sdk=iphoneos*]" = "iPhone Developer";
				COPY_PHASE_STRIP = NO;
				DEBUG_INFORMATION_FORMAT = dwarf;
				ENABLE_STRICT_OBJC_MSGSEND = YES;
				ENABLE_TESTABILITY = YES;
				GCC_C_LANGUAGE_STANDARD = gnu99;
				GCC_DYNAMIC_NO_PIC = NO;
				GCC_NO_COMMON_BLOCKS = YES;
				GCC_OPTIMIZATION_LEVEL = 0;
				GCC_PREPROCESSOR_DEFINITIONS = (
					"DEBUG=1",
					"$(inherited)",
				);
				GCC_WARN_64_TO_32_BIT_CONVERSION = YES;
				GCC_WARN_ABOUT_RETURN_TYPE = YES_ERROR;
				GCC_WARN_UNDECLARED_SELECTOR = YES;
				GCC_WARN_UNINITIALIZED_AUTOS = YES_AGGRESSIVE;
				GCC_WARN_UNUSED_FUNCTION = YES;
				GCC_WARN_UNUSED_VARIABLE = YES;
				IPHONEOS_DEPLOYMENT_TARGET = 10.3;
				MTL_ENABLE_DEBUG_INFO = YES;
				ONLY_ACTIVE_ARCH = YES;
				SDKROOT = iphoneos;
				SWIFT_ACTIVE_COMPILATION_CONDITIONS = DEBUG;
				SWIFT_OPTIMIZATION_LEVEL = "-Onone";
				TARGETED_DEVICE_FAMILY = "1,2";
			};
			name = Debug;
		};
		ED624CBB1F28CC2C00444FD9 /* Release */ = {
			isa = XCBuildConfiguration;
			buildSettings = {
				ALWAYS_SEARCH_USER_PATHS = NO;
				CLANG_ANALYZER_NONNULL = YES;
				CLANG_ANALYZER_NUMBER_OBJECT_CONVERSION = YES_AGGRESSIVE;
				CLANG_CXX_LANGUAGE_STANDARD = "gnu++0x";
				CLANG_CXX_LIBRARY = "libc++";
				CLANG_ENABLE_MODULES = YES;
				CLANG_ENABLE_OBJC_ARC = YES;
				CLANG_WARN_BOOL_CONVERSION = YES;
				CLANG_WARN_CONSTANT_CONVERSION = YES;
				CLANG_WARN_DIRECT_OBJC_ISA_USAGE = YES_ERROR;
				CLANG_WARN_DOCUMENTATION_COMMENTS = YES;
				CLANG_WARN_EMPTY_BODY = YES;
				CLANG_WARN_ENUM_CONVERSION = YES;
				CLANG_WARN_INFINITE_RECURSION = YES;
				CLANG_WARN_INT_CONVERSION = YES;
				CLANG_WARN_OBJC_ROOT_CLASS = YES_ERROR;
				CLANG_WARN_SUSPICIOUS_MOVE = YES;
				CLANG_WARN_UNREACHABLE_CODE = YES;
				CLANG_WARN__DUPLICATE_METHOD_MATCH = YES;
				"CODE_SIGN_IDENTITY[sdk=iphoneos*]" = "iPhone Developer";
				COPY_PHASE_STRIP = NO;
				DEBUG_INFORMATION_FORMAT = "dwarf-with-dsym";
				ENABLE_NS_ASSERTIONS = NO;
				ENABLE_STRICT_OBJC_MSGSEND = YES;
				GCC_C_LANGUAGE_STANDARD = gnu99;
				GCC_NO_COMMON_BLOCKS = YES;
				GCC_WARN_64_TO_32_BIT_CONVERSION = YES;
				GCC_WARN_ABOUT_RETURN_TYPE = YES_ERROR;
				GCC_WARN_UNDECLARED_SELECTOR = YES;
				GCC_WARN_UNINITIALIZED_AUTOS = YES_AGGRESSIVE;
				GCC_WARN_UNUSED_FUNCTION = YES;
				GCC_WARN_UNUSED_VARIABLE = YES;
				IPHONEOS_DEPLOYMENT_TARGET = 10.3;
				MTL_ENABLE_DEBUG_INFO = NO;
				SDKROOT = iphoneos;
				SWIFT_OPTIMIZATION_LEVEL = "-Owholemodule";
				TARGETED_DEVICE_FAMILY = "1,2";
				VALIDATE_PRODUCT = YES;
			};
			name = Release;
		};
		ED624CBD1F28CC2C00444FD9 /* Debug */ = {
			isa = XCBuildConfiguration;
			buildSettings = {
				ASSETCATALOG_COMPILER_APPICON_NAME = AppIcon;
				DEVELOPMENT_TEAM = QBVG4UVN9M;
				INFOPLIST_FILE = Calculator/Info.plist;
				LD_RUNPATH_SEARCH_PATHS = "$(inherited) @executable_path/Frameworks";
				PRODUCT_BUNDLE_IDENTIFIER = com.n.bendeguz3.Calculator;
				PRODUCT_NAME = "$(TARGET_NAME)";
				SWIFT_VERSION = 3.0;
			};
			name = Debug;
		};
		ED624CBE1F28CC2C00444FD9 /* Release */ = {
			isa = XCBuildConfiguration;
			buildSettings = {
				ASSETCATALOG_COMPILER_APPICON_NAME = AppIcon;
				DEVELOPMENT_TEAM = QBVG4UVN9M;
				INFOPLIST_FILE = Calculator/Info.plist;
				LD_RUNPATH_SEARCH_PATHS = "$(inherited) @executable_path/Frameworks";
				PRODUCT_BUNDLE_IDENTIFIER = com.n.bendeguz3.Calculator;
				PRODUCT_NAME = "$(TARGET_NAME)";
				SWIFT_VERSION = 3.0;
			};
			name = Release;
		};
/* End XCBuildConfiguration section */

/* Begin XCConfigurationList section */
		ED624CA51F28CC2C00444FD9 /* Build configuration list for PBXProject "Calculator" */ = {
			isa = XCConfigurationList;
			buildConfigurations = (
				ED624CBA1F28CC2C00444FD9 /* Debug */,
				ED624CBB1F28CC2C00444FD9 /* Release */,
			);
			defaultConfigurationIsVisible = 0;
			defaultConfigurationName = Release;
		};
		ED624CBC1F28CC2C00444FD9 /* Build configuration list for PBXNativeTarget "Calculator" */ = {
			isa = XCConfigurationList;
			buildConfigurations = (
				ED624CBD1F28CC2C00444FD9 /* Debug */,
				ED624CBE1F28CC2C00444FD9 /* Release */,
			);
			defaultConfigurationIsVisible = 0;
		};
/* End XCConfigurationList section */
	};
	rootObject = ED624CA21F28CC2C00444FD9 /* Project object */;
}
